
Microsoft Visual Studio Solution File, Format Version 12.00
# Visual Studio Version 17
VisualStudioVersion = 17.14.36429.23 d17.14
MinimumVisualStudioVersion = 10.0.40219.1
Project("{FAE04EC0-301F-11D3-BF4B-00C04F79EFBC}") = "MyShopServer", "MyShopServer\MyShopServer.csproj", "{521531D3-3F45-4535-93BC-A5E04D36B173}"
EndProject
Project("{FAE04EC0-301F-11D3-BF4B-00C04F79EFBC}") = "BLL", "BLL\BLL.csproj", "{464EE5AC-7E0D-4220-9DFB-E922AB092F0B}"
	ProjectSection(ProjectDependencies) = postProject
		{02C417A7-72FB-44D3-97D0-872963278322} = {02C417A7-72FB-44D3-97D0-872963278322}
	EndProjectSection
EndProject
Project("{FAE04EC0-301F-11D3-BF4B-00C04F79EFBC}") = "DLL", "DLL\DLL.csproj", "{02C417A7-72FB-44D3-97D0-872963278322}"
EndProject
Global
	GlobalSection(SolutionConfigurationPlatforms) = preSolution
		Debug|Any CPU = Debug|Any CPU
		Release|Any CPU = Release|Any CPU
	EndGlobalSection
	GlobalSection(ProjectConfigurationPlatforms) = postSolution
		{521531D3-3F45-4535-93BC-A5E04D36B173}.Debug|Any CPU.ActiveCfg = Debug|Any CPU
		{521531D3-3F45-4535-93BC-A5E04D36B173}.Debug|Any CPU.Build.0 = Debug|Any CPU
		{521531D3-3F45-4535-93BC-A5E04D36B173}.Release|Any CPU.ActiveCfg = Release|Any CPU
		{521531D3-3F45-4535-93BC-A5E04D36B173}.Release|Any CPU.Build.0 = Release|Any CPU
		{464EE5AC-7E0D-4220-9DFB-E922AB092F0B}.Debug|Any CPU.ActiveCfg = Debug|Any CPU
		{464EE5AC-7E0D-4220-9DFB-E922AB092F0B}.Debug|Any CPU.Build.0 = Debug|Any CPU
		{464EE5AC-7E0D-4220-9DFB-E922AB092F0B}.Release|Any CPU.ActiveCfg = Release|Any CPU
		{464EE5AC-7E0D-4220-9DFB-E922AB092F0B}.Release|Any CPU.Build.0 = Release|Any CPU
		{02C417A7-72FB-44D3-97D0-872963278322}.Debug|Any CPU.ActiveCfg = Debug|Any CPU
		{02C417A7-72FB-44D3-97D0-872963278322}.Debug|Any CPU.Build.0 = Debug|Any CPU
		{02C417A7-72FB-44D3-97D0-872963278322}.Release|Any CPU.ActiveCfg = Release|Any CPU
		{02C417A7-72FB-44D3-97D0-872963278322}.Release|Any CPU.Build.0 = Release|Any CPU
	EndGlobalSection
	GlobalSection(SolutionProperties) = preSolution
		HideSolutionNode = FALSE
	EndGlobalSection
	GlobalSection(ExtensibilityGlobals) = postSolution
		SolutionGuid = {534D9032-BA50-48EC-9C43-C5E31E941A97}
	EndGlobalSection
EndGlobal
